
Microsoft Visual Studio Solution File, Format Version 12.00
# Visual Studio Version 17
VisualStudioVersion = 17.5.002.0
MinimumVisualStudioVersion = 10.0.40219.1
Project("{2150E333-8FDC-42A3-9474-1A3956D46DE8}") = "csharp-prep", "csharp-prep", "{C500B765-32AD-452F-989F-552DB3B9EB82}"
EndProject
Project("{9A19103F-16F7-4668-BE54-9A1E7A4F7556}") = "Prep1", "csharp-prep\Prep1\Prep1.csproj", "{9CF190AE-096A-4371-9B68-C5E55120140E}"
EndProject
Project("{9A19103F-16F7-4668-BE54-9A1E7A4F7556}") = "Prep2", "csharp-prep\Prep2\Prep2.csproj", "{B4CD99BE-9423-4748-BE68-4F277902BDFF}"
EndProject
Project("{9A19103F-16F7-4668-BE54-9A1E7A4F7556}") = "Prep3", "csharp-prep\Prep3\Prep3.csproj", "{7D833E3E-26E5-4C52-ACAE-5B78308FAF9A}"
EndProject
Project("{9A19103F-16F7-4668-BE54-9A1E7A4F7556}") = "Prep4", "csharp-prep\Prep4\Prep4.csproj", "{E56900EF-5CAE-4B2E-A3EB-5C7527BD0E81}"
EndProject
Project("{9A19103F-16F7-4668-BE54-9A1E7A4F7556}") = "Prep5", "csharp-prep\Prep5\Prep5.csproj", "{CAB47B8D-9C71-46E8-A799-26ADCA54C06C}"
EndProject
Project("{2150E333-8FDC-42A3-9474-1A3956D46DE8}") = "final", "final", "{473A12B9-9912-4733-B29E-D8B561CD2713}"
EndProject
Project("{9A19103F-16F7-4668-BE54-9A1E7A4F7556}") = "FinalProject", "final\FinalProject\FinalProject.csproj", "{9670DD73-C28E-4133-8DF6-F1FB5474B07C}"
EndProject
Project("{9A19103F-16F7-4668-BE54-9A1E7A4F7556}") = "Foundation1", "final\Foundation1\Foundation1.csproj", "{E1F5D352-F101-48AA-88BD-D2522A475BE1}"
EndProject
Project("{9A19103F-16F7-4668-BE54-9A1E7A4F7556}") = "Foundation2", "final\Foundation2\Foundation2.csproj", "{739F8868-4DB5-4E0D-8F4A-2B00B383053F}"
EndProject
Project("{9A19103F-16F7-4668-BE54-9A1E7A4F7556}") = "Foundation3", "final\Foundation3\Foundation3.csproj", "{3A24FC15-8EF6-4F17-B748-E6A060C4A077}"
EndProject
Project("{9A19103F-16F7-4668-BE54-9A1E7A4F7556}") = "Foundation4", "final\Foundation4\Foundation4.csproj", "{72364399-8C48-4DD4-8FB0-97BEAE909517}"
EndProject
Project("{2150E333-8FDC-42A3-9474-1A3956D46DE8}") = "prepare", "prepare", "{1A58DD87-4536-4788-AD94-AA82E854E6CF}"
EndProject
Project("{9A19103F-16F7-4668-BE54-9A1E7A4F7556}") = "Learning02", "prepare\Learning02\Learning02.csproj", "{2909842A-2531-4674-B7F7-7A4FDBBDBA9B}"
EndProject
Project("{9A19103F-16F7-4668-BE54-9A1E7A4F7556}") = "Learning03", "prepare\Learning03\Learning03.csproj", "{24E83BC0-0A8A-4B71-9B12-96FC439B6697}"
EndProject
Project("{9A19103F-16F7-4668-BE54-9A1E7A4F7556}") = "Learning04", "prepare\Learning04\Learning04.csproj", "{B703E03B-935C-4F50-9B2C-D43AAA8CF451}"
EndProject
Project("{9A19103F-16F7-4668-BE54-9A1E7A4F7556}") = "Learning05", "prepare\Learning05\Learning05.csproj", "{332992BA-1047-432A-8F12-99C126FBC24D}"
EndProject
Project("{2150E333-8FDC-42A3-9474-1A3956D46DE8}") = "prove", "prove", "{AA8F73E1-0A7C-4148-B0E6-A4243C56DD5F}"
EndProject
Project("{9A19103F-16F7-4668-BE54-9A1E7A4F7556}") = "Develop02", "prove\Develop02\Develop02.csproj", "{C932E42B-17AE-452D-8CE7-4B5C34799F59}"
EndProject
Project("{9A19103F-16F7-4668-BE54-9A1E7A4F7556}") = "Develop03", "prove\Develop03\Develop03.csproj", "{38C1E07F-79D9-4005-AD5A-6A4EC6F285F0}"
EndProject
Project("{9A19103F-16F7-4668-BE54-9A1E7A4F7556}") = "Develop04", "prove\Develop04\Develop04.csproj", "{5E47DEA9-C4C4-4896-B9A4-4225C086473A}"
EndProject
Project("{9A19103F-16F7-4668-BE54-9A1E7A4F7556}") = "Develop05", "prove\Develop05\Develop05.csproj", "{C9EC0DCD-FD6D-46EE-B58A-35DD647095B8}"
EndProject
Project("{2150E333-8FDC-42A3-9474-1A3956D46DE8}") = "sandbox", "sandbox", "{7C3D2044-58DA-4AB5-B6F1-7DE4B2693CAB}"
EndProject
Project("{9A19103F-16F7-4668-BE54-9A1E7A4F7556}") = "Sandbox", "sandbox\Sandbox\Sandbox.csproj", "{3AD2AA15-6C9C-4E7A-B233-8447EAE73763}"
EndProject
Global
	GlobalSection(SolutionConfigurationPlatforms) = preSolution
		Debug|Any CPU = Debug|Any CPU
		Release|Any CPU = Release|Any CPU
	EndGlobalSection
	GlobalSection(ProjectConfigurationPlatforms) = postSolution
		{9CF190AE-096A-4371-9B68-C5E55120140E}.Debug|Any CPU.ActiveCfg = Debug|Any CPU
		{9CF190AE-096A-4371-9B68-C5E55120140E}.Debug|Any CPU.Build.0 = Debug|Any CPU
		{9CF190AE-096A-4371-9B68-C5E55120140E}.Release|Any CPU.ActiveCfg = Release|Any CPU
		{9CF190AE-096A-4371-9B68-C5E55120140E}.Release|Any CPU.Build.0 = Release|Any CPU
		{B4CD99BE-9423-4748-BE68-4F277902BDFF}.Debug|Any CPU.ActiveCfg = Debug|Any CPU
		{B4CD99BE-9423-4748-BE68-4F277902BDFF}.Debug|Any CPU.Build.0 = Debug|Any CPU
		{B4CD99BE-9423-4748-BE68-4F277902BDFF}.Release|Any CPU.ActiveCfg = Release|Any CPU
		{B4CD99BE-9423-4748-BE68-4F277902BDFF}.Release|Any CPU.Build.0 = Release|Any CPU
		{7D833E3E-26E5-4C52-ACAE-5B78308FAF9A}.Debug|Any CPU.ActiveCfg = Debug|Any CPU
		{7D833E3E-26E5-4C52-ACAE-5B78308FAF9A}.Debug|Any CPU.Build.0 = Debug|Any CPU
		{7D833E3E-26E5-4C52-ACAE-5B78308FAF9A}.Release|Any CPU.ActiveCfg = Release|Any CPU
		{7D833E3E-26E5-4C52-ACAE-5B78308FAF9A}.Release|Any CPU.Build.0 = Release|Any CPU
		{E56900EF-5CAE-4B2E-A3EB-5C7527BD0E81}.Debug|Any CPU.ActiveCfg = Debug|Any CPU
		{E56900EF-5CAE-4B2E-A3EB-5C7527BD0E81}.Debug|Any CPU.Build.0 = Debug|Any CPU
		{E56900EF-5CAE-4B2E-A3EB-5C7527BD0E81}.Release|Any CPU.ActiveCfg = Release|Any CPU
		{E56900EF-5CAE-4B2E-A3EB-5C7527BD0E81}.Release|Any CPU.Build.0 = Release|Any CPU
		{CAB47B8D-9C71-46E8-A799-26ADCA54C06C}.Debug|Any CPU.ActiveCfg = Debug|Any CPU
		{CAB47B8D-9C71-46E8-A799-26ADCA54C06C}.Debug|Any CPU.Build.0 = Debug|Any CPU
		{CAB47B8D-9C71-46E8-A799-26ADCA54C06C}.Release|Any CPU.ActiveCfg = Release|Any CPU
		{CAB47B8D-9C71-46E8-A799-26ADCA54C06C}.Release|Any CPU.Build.0 = Release|Any CPU
		{9670DD73-C28E-4133-8DF6-F1FB5474B07C}.Debug|Any CPU.ActiveCfg = Debug|Any CPU
		{9670DD73-C28E-4133-8DF6-F1FB5474B07C}.Debug|Any CPU.Build.0 = Debug|Any CPU
		{9670DD73-C28E-4133-8DF6-F1FB5474B07C}.Release|Any CPU.ActiveCfg = Release|Any CPU
		{9670DD73-C28E-4133-8DF6-F1FB5474B07C}.Release|Any CPU.Build.0 = Release|Any CPU
		{E1F5D352-F101-48AA-88BD-D2522A475BE1}.Debug|Any CPU.ActiveCfg = Debug|Any CPU
		{E1F5D352-F101-48AA-88BD-D2522A475BE1}.Debug|Any CPU.Build.0 = Debug|Any CPU
		{E1F5D352-F101-48AA-88BD-D2522A475BE1}.Release|Any CPU.ActiveCfg = Release|Any CPU
		{E1F5D352-F101-48AA-88BD-D2522A475BE1}.Release|Any CPU.Build.0 = Release|Any CPU
		{739F8868-4DB5-4E0D-8F4A-2B00B383053F}.Debug|Any CPU.ActiveCfg = Debug|Any CPU
		{739F8868-4DB5-4E0D-8F4A-2B00B383053F}.Debug|Any CPU.Build.0 = Debug|Any CPU
		{739F8868-4DB5-4E0D-8F4A-2B00B383053F}.Release|Any CPU.ActiveCfg = Release|Any CPU
		{739F8868-4DB5-4E0D-8F4A-2B00B383053F}.Release|Any CPU.Build.0 = Release|Any CPU
		{3A24FC15-8EF6-4F17-B748-E6A060C4A077}.Debug|Any CPU.ActiveCfg = Debug|Any CPU
		{3A24FC15-8EF6-4F17-B748-E6A060C4A077}.Debug|Any CPU.Build.0 = Debug|Any CPU
		{3A24FC15-8EF6-4F17-B748-E6A060C4A077}.Release|Any CPU.ActiveCfg = Release|Any CPU
		{3A24FC15-8EF6-4F17-B748-E6A060C4A077}.Release|Any CPU.Build.0 = Release|Any CPU
		{72364399-8C48-4DD4-8FB0-97BEAE909517}.Debug|Any CPU.ActiveCfg = Debug|Any CPU
		{72364399-8C48-4DD4-8FB0-97BEAE909517}.Debug|Any CPU.Build.0 = Debug|Any CPU
		{72364399-8C48-4DD4-8FB0-97BEAE909517}.Release|Any CPU.ActiveCfg = Release|Any CPU
		{72364399-8C48-4DD4-8FB0-97BEAE909517}.Release|Any CPU.Build.0 = Release|Any CPU
		{2909842A-2531-4674-B7F7-7A4FDBBDBA9B}.Debug|Any CPU.ActiveCfg = Debug|Any CPU
		{2909842A-2531-4674-B7F7-7A4FDBBDBA9B}.Debug|Any CPU.Build.0 = Debug|Any CPU
		{2909842A-2531-4674-B7F7-7A4FDBBDBA9B}.Release|Any CPU.ActiveCfg = Release|Any CPU
		{2909842A-2531-4674-B7F7-7A4FDBBDBA9B}.Release|Any CPU.Build.0 = Release|Any CPU
		{24E83BC0-0A8A-4B71-9B12-96FC439B6697}.Debug|Any CPU.ActiveCfg = Debug|Any CPU
		{24E83BC0-0A8A-4B71-9B12-96FC439B6697}.Debug|Any CPU.Build.0 = Debug|Any CPU
		{24E83BC0-0A8A-4B71-9B12-96FC439B6697}.Release|Any CPU.ActiveCfg = Release|Any CPU
		{24E83BC0-0A8A-4B71-9B12-96FC439B6697}.Release|Any CPU.Build.0 = Release|Any CPU
		{B703E03B-935C-4F50-9B2C-D43AAA8CF451}.Debug|Any CPU.ActiveCfg = Debug|Any CPU
		{B703E03B-935C-4F50-9B2C-D43AAA8CF451}.Debug|Any CPU.Build.0 = Debug|Any CPU
		{B703E03B-935C-4F50-9B2C-D43AAA8CF451}.Release|Any CPU.ActiveCfg = Release|Any CPU
		{B703E03B-935C-4F50-9B2C-D43AAA8CF451}.Release|Any CPU.Build.0 = Release|Any CPU
		{332992BA-1047-432A-8F12-99C126FBC24D}.Debug|Any CPU.ActiveCfg = Debug|Any CPU
		{332992BA-1047-432A-8F12-99C126FBC24D}.Debug|Any CPU.Build.0 = Debug|Any CPU
		{332992BA-1047-432A-8F12-99C126FBC24D}.Release|Any CPU.ActiveCfg = Release|Any CPU
		{332992BA-1047-432A-8F12-99C126FBC24D}.Release|Any CPU.Build.0 = Release|Any CPU
		{C932E42B-17AE-452D-8CE7-4B5C34799F59}.Debug|Any CPU.ActiveCfg = Debug|Any CPU
		{C932E42B-17AE-452D-8CE7-4B5C34799F59}.Debug|Any CPU.Build.0 = Debug|Any CPU
		{C932E42B-17AE-452D-8CE7-4B5C34799F59}.Release|Any CPU.ActiveCfg = Release|Any CPU
		{C932E42B-17AE-452D-8CE7-4B5C34799F59}.Release|Any CPU.Build.0 = Release|Any CPU
		{38C1E07F-79D9-4005-AD5A-6A4EC6F285F0}.Debug|Any CPU.ActiveCfg = Debug|Any CPU
		{38C1E07F-79D9-4005-AD5A-6A4EC6F285F0}.Debug|Any CPU.Build.0 = Debug|Any CPU
		{38C1E07F-79D9-4005-AD5A-6A4EC6F285F0}.Release|Any CPU.ActiveCfg = Release|Any CPU
		{38C1E07F-79D9-4005-AD5A-6A4EC6F285F0}.Release|Any CPU.Build.0 = Release|Any CPU
		{5E47DEA9-C4C4-4896-B9A4-4225C086473A}.Debug|Any CPU.ActiveCfg = Debug|Any CPU
		{5E47DEA9-C4C4-4896-B9A4-4225C086473A}.Debug|Any CPU.Build.0 = Debug|Any CPU
		{5E47DEA9-C4C4-4896-B9A4-4225C086473A}.Release|Any CPU.ActiveCfg = Release|Any CPU
		{5E47DEA9-C4C4-4896-B9A4-4225C086473A}.Release|Any CPU.Build.0 = Release|Any CPU
		{C9EC0DCD-FD6D-46EE-B58A-35DD647095B8}.Debug|Any CPU.ActiveCfg = Debug|Any CPU
		{C9EC0DCD-FD6D-46EE-B58A-35DD647095B8}.Debug|Any CPU.Build.0 = Debug|Any CPU
		{C9EC0DCD-FD6D-46EE-B58A-35DD647095B8}.Release|Any CPU.ActiveCfg = Release|Any CPU
		{C9EC0DCD-FD6D-46EE-B58A-35DD647095B8}.Release|Any CPU.Build.0 = Release|Any CPU
		{3AD2AA15-6C9C-4E7A-B233-8447EAE73763}.Debug|Any CPU.ActiveCfg = Debug|Any CPU
		{3AD2AA15-6C9C-4E7A-B233-8447EAE73763}.Debug|Any CPU.Build.0 = Debug|Any CPU
		{3AD2AA15-6C9C-4E7A-B233-8447EAE73763}.Release|Any CPU.ActiveCfg = Release|Any CPU
		{3AD2AA15-6C9C-4E7A-B233-8447EAE73763}.Release|Any CPU.Build.0 = Release|Any CPU
	EndGlobalSection
	GlobalSection(SolutionProperties) = preSolution
		HideSolutionNode = FALSE
	EndGlobalSection
	GlobalSection(NestedProjects) = preSolution
		{9CF190AE-096A-4371-9B68-C5E55120140E} = {C500B765-32AD-452F-989F-552DB3B9EB82}
		{B4CD99BE-9423-4748-BE68-4F277902BDFF} = {C500B765-32AD-452F-989F-552DB3B9EB82}
		{7D833E3E-26E5-4C52-ACAE-5B78308FAF9A} = {C500B765-32AD-452F-989F-552DB3B9EB82}
		{E56900EF-5CAE-4B2E-A3EB-5C7527BD0E81} = {C500B765-32AD-452F-989F-552DB3B9EB82}
		{CAB47B8D-9C71-46E8-A799-26ADCA54C06C} = {C500B765-32AD-452F-989F-552DB3B9EB82}
		{9670DD73-C28E-4133-8DF6-F1FB5474B07C} = {473A12B9-9912-4733-B29E-D8B561CD2713}
		{E1F5D352-F101-48AA-88BD-D2522A475BE1} = {473A12B9-9912-4733-B29E-D8B561CD2713}
		{739F8868-4DB5-4E0D-8F4A-2B00B383053F} = {473A12B9-9912-4733-B29E-D8B561CD2713}
		{3A24FC15-8EF6-4F17-B748-E6A060C4A077} = {473A12B9-9912-4733-B29E-D8B561CD2713}
		{72364399-8C48-4DD4-8FB0-97BEAE909517} = {473A12B9-9912-4733-B29E-D8B561CD2713}
		{2909842A-2531-4674-B7F7-7A4FDBBDBA9B} = {1A58DD87-4536-4788-AD94-AA82E854E6CF}
		{24E83BC0-0A8A-4B71-9B12-96FC439B6697} = {1A58DD87-4536-4788-AD94-AA82E854E6CF}
		{B703E03B-935C-4F50-9B2C-D43AAA8CF451} = {1A58DD87-4536-4788-AD94-AA82E854E6CF}
		{332992BA-1047-432A-8F12-99C126FBC24D} = {1A58DD87-4536-4788-AD94-AA82E854E6CF}
		{C932E42B-17AE-452D-8CE7-4B5C34799F59} = {AA8F73E1-0A7C-4148-B0E6-A4243C56DD5F}
		{38C1E07F-79D9-4005-AD5A-6A4EC6F285F0} = {AA8F73E1-0A7C-4148-B0E6-A4243C56DD5F}
		{5E47DEA9-C4C4-4896-B9A4-4225C086473A} = {AA8F73E1-0A7C-4148-B0E6-A4243C56DD5F}
		{C9EC0DCD-FD6D-46EE-B58A-35DD647095B8} = {AA8F73E1-0A7C-4148-B0E6-A4243C56DD5F}
		{3AD2AA15-6C9C-4E7A-B233-8447EAE73763} = {7C3D2044-58DA-4AB5-B6F1-7DE4B2693CAB}
	EndGlobalSection
	GlobalSection(ExtensibilityGlobals) = postSolution
		SolutionGuid = {EAFE93E3-54E7-42C8-A659-4351A7A77F13}
	EndGlobalSection
EndGlobal
